
Microsoft Visual Studio Solution File, Format Version 12.00
# Visual Studio Version 16
VisualStudioVersion = 16.0.30717.126
MinimumVisualStudioVersion = 10.0.40219.1
Project("{9A19103F-16F7-4668-BE54-9A1E7A4F7556}") = "FreePuzzle", "..\FreePuzzle\FreePuzzle.csproj", "{89B97C41-C561-417A-9C13-2DD3737A99A3}"
EndProject
Project("{9A19103F-16F7-4668-BE54-9A1E7A4F7556}") = "FreePuzzle.Api", "FreePuzzle.Api.csproj", "{98B36E2B-8A95-4283-90E1-5BD567F79DB8}"
EndProject
Project("{9A19103F-16F7-4668-BE54-9A1E7A4F7556}") = "FreePuzzle.Dto", "..\FreePuzzle.Dto\FreePuzzle.Dto.csproj", "{899711EC-DB95-4A52-AA5C-A46764A6D99F}"
EndProject
Project("{9A19103F-16F7-4668-BE54-9A1E7A4F7556}") = "FreePuzzle.Models", "..\FreePuzzle.Models\FreePuzzle.Models.csproj", "{4053388E-5DAB-4607-92DB-7C010D036C5A}"
EndProject
Project("{9A19103F-16F7-4668-BE54-9A1E7A4F7556}") = "FreePuzzle.Service", "..\FreePuzzle.Service\FreePuzzle.Service.csproj", "{AA4A662A-1DF8-4510-9FC7-7235ADF5C74B}"
EndProject
Project("{9A19103F-16F7-4668-BE54-9A1E7A4F7556}") = "FreePuzzle.UnitTest", "..\FreePuzzle.UnitTest\FreePuzzle.UnitTest.csproj", "{AEE0DEC3-B117-4307-B3F1-405EE25EA932}"
EndProject
Project("{E53339B2-1760-4266-BCC7-CA923CBCF16C}") = "docker-compose", "..\docker-compose.dcproj", "{A2C483E8-74CC-4578-AD1C-C36965852BD9}"
EndProject
Global
	GlobalSection(SolutionConfigurationPlatforms) = preSolution
		Debug|Any CPU = Debug|Any CPU
		Release|Any CPU = Release|Any CPU
	EndGlobalSection
	GlobalSection(ProjectConfigurationPlatforms) = postSolution
		{89B97C41-C561-417A-9C13-2DD3737A99A3}.Debug|Any CPU.ActiveCfg = Debug|Any CPU
		{89B97C41-C561-417A-9C13-2DD3737A99A3}.Debug|Any CPU.Build.0 = Debug|Any CPU
		{89B97C41-C561-417A-9C13-2DD3737A99A3}.Release|Any CPU.ActiveCfg = Release|Any CPU
		{89B97C41-C561-417A-9C13-2DD3737A99A3}.Release|Any CPU.Build.0 = Release|Any CPU
		{98B36E2B-8A95-4283-90E1-5BD567F79DB8}.Debug|Any CPU.ActiveCfg = Debug|Any CPU
		{98B36E2B-8A95-4283-90E1-5BD567F79DB8}.Debug|Any CPU.Build.0 = Debug|Any CPU
		{98B36E2B-8A95-4283-90E1-5BD567F79DB8}.Release|Any CPU.ActiveCfg = Release|Any CPU
		{98B36E2B-8A95-4283-90E1-5BD567F79DB8}.Release|Any CPU.Build.0 = Release|Any CPU
		{899711EC-DB95-4A52-AA5C-A46764A6D99F}.Debug|Any CPU.ActiveCfg = Debug|Any CPU
		{899711EC-DB95-4A52-AA5C-A46764A6D99F}.Debug|Any CPU.Build.0 = Debug|Any CPU
		{899711EC-DB95-4A52-AA5C-A46764A6D99F}.Release|Any CPU.ActiveCfg = Release|Any CPU
		{899711EC-DB95-4A52-AA5C-A46764A6D99F}.Release|Any CPU.Build.0 = Release|Any CPU
		{4053388E-5DAB-4607-92DB-7C010D036C5A}.Debug|Any CPU.ActiveCfg = Debug|Any CPU
		{4053388E-5DAB-4607-92DB-7C010D036C5A}.Debug|Any CPU.Build.0 = Debug|Any CPU
		{4053388E-5DAB-4607-92DB-7C010D036C5A}.Release|Any CPU.ActiveCfg = Release|Any CPU
		{4053388E-5DAB-4607-92DB-7C010D036C5A}.Release|Any CPU.Build.0 = Release|Any CPU
		{AA4A662A-1DF8-4510-9FC7-7235ADF5C74B}.Debug|Any CPU.ActiveCfg = Debug|Any CPU
		{AA4A662A-1DF8-4510-9FC7-7235ADF5C74B}.Debug|Any CPU.Build.0 = Debug|Any CPU
		{AA4A662A-1DF8-4510-9FC7-7235ADF5C74B}.Release|Any CPU.ActiveCfg = Release|Any CPU
		{AA4A662A-1DF8-4510-9FC7-7235ADF5C74B}.Release|Any CPU.Build.0 = Release|Any CPU
		{AEE0DEC3-B117-4307-B3F1-405EE25EA932}.Debug|Any CPU.ActiveCfg = Debug|Any CPU
		{AEE0DEC3-B117-4307-B3F1-405EE25EA932}.Debug|Any CPU.Build.0 = Debug|Any CPU
		{AEE0DEC3-B117-4307-B3F1-405EE25EA932}.Release|Any CPU.ActiveCfg = Release|Any CPU
		{AEE0DEC3-B117-4307-B3F1-405EE25EA932}.Release|Any CPU.Build.0 = Release|Any CPU
		{A2C483E8-74CC-4578-AD1C-C36965852BD9}.Debug|Any CPU.ActiveCfg = Debug|Any CPU
		{A2C483E8-74CC-4578-AD1C-C36965852BD9}.Debug|Any CPU.Build.0 = Debug|Any CPU
		{A2C483E8-74CC-4578-AD1C-C36965852BD9}.Release|Any CPU.ActiveCfg = Release|Any CPU
		{A2C483E8-74CC-4578-AD1C-C36965852BD9}.Release|Any CPU.Build.0 = Release|Any CPU
	EndGlobalSection
	GlobalSection(SolutionProperties) = preSolution
		HideSolutionNode = FALSE
	EndGlobalSection
	GlobalSection(ExtensibilityGlobals) = postSolution
		SolutionGuid = {32B3414D-6AE5-42D1-A28F-DBD28596AF32}
	EndGlobalSection
EndGlobal
